
Microsoft Visual Studio Solution File, Format Version 12.00
# Visual Studio Version 16
VisualStudioVersion = 16.0.31112.23
MinimumVisualStudioVersion = 10.0.40219.1
Project("{FAE04EC0-301F-11D3-BF4B-00C04F79EFBC}") = "Telegram_bot", "Telegram_bot.csproj", "{B624A1C9-433C-4113-913F-2286E4854040}"
EndProject
Global
	GlobalSection(SolutionConfigurationPlatforms) = preSolution
		Debug|Any CPU = Debug|Any CPU
		Release|Any CPU = Release|Any CPU
	EndGlobalSection
	GlobalSection(ProjectConfigurationPlatforms) = postSolution
		{B624A1C9-433C-4113-913F-2286E4854040}.Debug|Any CPU.ActiveCfg = Debug|Any CPU
		{B624A1C9-433C-4113-913F-2286E4854040}.Debug|Any CPU.Build.0 = Debug|Any CPU
		{B624A1C9-433C-4113-913F-2286E4854040}.Release|Any CPU.ActiveCfg = Release|Any CPU
		{B624A1C9-433C-4113-913F-2286E4854040}.Release|Any CPU.Build.0 = Release|Any CPU
	EndGlobalSection
	GlobalSection(SolutionProperties) = preSolution
		HideSolutionNode = FALSE
	EndGlobalSection
	GlobalSection(ExtensibilityGlobals) = postSolution
		SolutionGuid = {BEE6D261-F886-4412-A5C5-57EEE60AD47A}
	EndGlobalSection
EndGlobal
